{
  "name": "demoUrl",
  "lockfileVersion": 3,
  "requires": true,
  "packages": {
    "": {
      "name": "demoUrl",
      "dependencies": {
        "demo-utils": "file:../common/demo-utils"
      }
    },
    "../common/demo-utils": {
      "version": "1.0.0",
      "license": "ISC"
    },
    "node_modules/demo-utils": {
      "resolved": "../common/demo-utils",
      "link": true
    }
  }
}
